// !$*UTF8*$!
{
	archiveVersion = 1;
	classes = {
	};
	objectVersion = 46;
	objects = {

/* Begin PBXBuildFile section */
		83726ADA1665E00300EF7BE1 /* UIKit.framework in Frameworks */ = {isa = PBXBuildFile; fileRef = 83726AD91665E00300EF7BE1 /* UIKit.framework */; };
		83726ADC1665E00300EF7BE1 /* Foundation.framework in Frameworks */ = {isa = PBXBuildFile; fileRef = 83726ADB1665E00300EF7BE1 /* Foundation.framework */; };
		83726ADE1665E00300EF7BE1 /* CoreGraphics.framework in Frameworks */ = {isa = PBXBuildFile; fileRef = 83726ADD1665E00300EF7BE1 /* CoreGraphics.framework */; };
		83726AE41665E00300EF7BE1 /* InfoPlist.strings in Resources */ = {isa = PBXBuildFile; fileRef = 83726AE21665E00300EF7BE1 /* InfoPlist.strings */; };
		83726AE61665E00300EF7BE1 /* main.m in Sources */ = {isa = PBXBuildFile; fileRef = 83726AE51665E00300EF7BE1 /* main.m */; };
		83726AEA1665E00300EF7BE1 /* CAAppDelegate.m in Sources */ = {isa = PBXBuildFile; fileRef = 83726AE91665E00300EF7BE1 /* CAAppDelegate.m */; };
		83726AEC1665E00300EF7BE1 /* Default.png in Resources */ = {isa = PBXBuildFile; fileRef = 83726AEB1665E00300EF7BE1 /* Default.png */; };
		83726AEE1665E00300EF7BE1 /* Default@2x.png in Resources */ = {isa = PBXBuildFile; fileRef = 83726AED1665E00300EF7BE1 /* Default@2x.png */; };
		83726AF01665E00300EF7BE1 /* Default-568h@2x.png in Resources */ = {isa = PBXBuildFile; fileRef = 83726AEF1665E00300EF7BE1 /* Default-568h@2x.png */; };
		83726AF31665E00300EF7BE1 /* MainStoryboard.storyboard in Resources */ = {isa = PBXBuildFile; fileRef = 83726AF11665E00300EF7BE1 /* MainStoryboard.storyboard */; };
		83726AF61665E00300EF7BE1 /* CAMasterViewController.m in Sources */ = {isa = PBXBuildFile; fileRef = 83726AF51665E00300EF7BE1 /* CAMasterViewController.m */; };
		83726AF91665E00300EF7BE1 /* CADetailViewController.m in Sources */ = {isa = PBXBuildFile; fileRef = 83726AF81665E00300EF7BE1 /* CADetailViewController.m */; };
		83726B191665E0C800EF7BE1 /* libRestKit.a in Frameworks */ = {isa = PBXBuildFile; fileRef = 83726B0E1665E03E00EF7BE1 /* libRestKit.a */; };
		83726B1B1665E0D200EF7BE1 /* CFNetwork.framework in Frameworks */ = {isa = PBXBuildFile; fileRef = 83726B1A1665E0D200EF7BE1 /* CFNetwork.framework */; };
		83726B1D1665E0D600EF7BE1 /* CoreData.framework in Frameworks */ = {isa = PBXBuildFile; fileRef = 83726B1C1665E0D600EF7BE1 /* CoreData.framework */; };
		83726B1F1665E0DB00EF7BE1 /* MobileCoreServices.framework in Frameworks */ = {isa = PBXBuildFile; fileRef = 83726B1E1665E0DB00EF7BE1 /* MobileCoreServices.framework */; };
		83726B211665E0E000EF7BE1 /* Security.framework in Frameworks */ = {isa = PBXBuildFile; fileRef = 83726B201665E0E000EF7BE1 /* Security.framework */; };
		83726B231665E0E500EF7BE1 /* SystemConfiguration.framework in Frameworks */ = {isa = PBXBuildFile; fileRef = 83726B221665E0E500EF7BE1 /* SystemConfiguration.framework */; };
		83726B251665E0E900EF7BE1 /* QuartzCore.framework in Frameworks */ = {isa = PBXBuildFile; fileRef = 83726B241665E0E900EF7BE1 /* QuartzCore.framework */; };
		83726B271665E0F200EF7BE1 /* libxml2.dylib in Frameworks */ = {isa = PBXBuildFile; fileRef = 83726B261665E0F200EF7BE1 /* libxml2.dylib */; };
/* End PBXBuildFile section */

/* Begin PBXContainerItemProxy section */
		83726B0D1665E03E00EF7BE1 /* PBXContainerItemProxy */ = {
			isa = PBXContainerItemProxy;
			containerPortal = 83726B021665E03D00EF7BE1 /* RestKit.xcodeproj */;
			proxyType = 2;
			remoteGlobalIDString = 25160D1614564E810060A5C5;
			remoteInfo = RestKit;
		};
		83726B0F1665E03E00EF7BE1 /* PBXContainerItemProxy */ = {
			isa = PBXContainerItemProxy;
			containerPortal = 83726B021665E03D00EF7BE1 /* RestKit.xcodeproj */;
			proxyType = 2;
			remoteGlobalIDString = 25160D2614564E820060A5C5;
			remoteInfo = RestKitTests;
		};
		83726B111665E03E00EF7BE1 /* PBXContainerItemProxy */ = {
			isa = PBXContainerItemProxy;
			containerPortal = 83726B021665E03D00EF7BE1 /* RestKit.xcodeproj */;
			proxyType = 2;
			remoteGlobalIDString = 25160E62145651060060A5C5;
			remoteInfo = RestKitFramework;
		};
		83726B131665E03E00EF7BE1 /* PBXContainerItemProxy */ = {
			isa = PBXContainerItemProxy;
			containerPortal = 83726B021665E03D00EF7BE1 /* RestKit.xcodeproj */;
			proxyType = 2;
			remoteGlobalIDString = 25160E78145651060060A5C5;
			remoteInfo = RestKitFrameworkTests;
		};
		83726B151665E03E00EF7BE1 /* PBXContainerItemProxy */ = {
			isa = PBXContainerItemProxy;
			containerPortal = 83726B021665E03D00EF7BE1 /* RestKit.xcodeproj */;
			proxyType = 2;
			remoteGlobalIDString = 259C301615128079003066A2;
			remoteInfo = RestKitResources;
		};
		83726B171665E09E00EF7BE1 /* PBXContainerItemProxy */ = {
			isa = PBXContainerItemProxy;
			containerPortal = 83726B021665E03D00EF7BE1 /* RestKit.xcodeproj */;
			proxyType = 1;
			remoteGlobalIDString = 25160D1514564E810060A5C5;
			remoteInfo = RestKit;
		};
/* End PBXContainerItemProxy section */

/* Begin PBXFileReference section */
		83726AD51665E00300EF7BE1 /* Pollster.app */ = {isa = PBXFileReference; explicitFileType = wrapper.application; includeInIndex = 0; path = Pollster.app; sourceTree = BUILT_PRODUCTS_DIR; };
		83726AD91665E00300EF7BE1 /* UIKit.framework */ = {isa = PBXFileReference; lastKnownFileType = wrapper.framework; name = UIKit.framework; path = System/Library/Frameworks/UIKit.framework; sourceTree = SDKROOT; };
		83726ADB1665E00300EF7BE1 /* Foundation.framework */ = {isa = PBXFileReference; lastKnownFileType = wrapper.framework; name = Foundation.framework; path = System/Library/Frameworks/Foundation.framework; sourceTree = SDKROOT; };
		83726ADD1665E00300EF7BE1 /* CoreGraphics.framework */ = {isa = PBXFileReference; lastKnownFileType = wrapper.framework; name = CoreGraphics.framework; path = System/Library/Frameworks/CoreGraphics.framework; sourceTree = SDKROOT; };
		83726AE11665E00300EF7BE1 /* Pollster-Info.plist */ = {isa = PBXFileReference; lastKnownFileType = text.plist.xml; path = "Pollster-Info.plist"; sourceTree = "<group>"; };
		83726AE31665E00300EF7BE1 /* en */ = {isa = PBXFileReference; lastKnownFileType = text.plist.strings; name = en; path = en.lproj/InfoPlist.strings; sourceTree = "<group>"; };
		83726AE51665E00300EF7BE1 /* main.m */ = {isa = PBXFileReference; lastKnownFileType = sourcecode.c.objc; path = main.m; sourceTree = "<group>"; };
		83726AE71665E00300EF7BE1 /* Pollster-Prefix.pch */ = {isa = PBXFileReference; lastKnownFileType = sourcecode.c.h; path = "Pollster-Prefix.pch"; sourceTree = "<group>"; };
		83726AE81665E00300EF7BE1 /* CAAppDelegate.h */ = {isa = PBXFileReference; lastKnownFileType = sourcecode.c.h; path = CAAppDelegate.h; sourceTree = "<group>"; };
		83726AE91665E00300EF7BE1 /* CAAppDelegate.m */ = {isa = PBXFileReference; lastKnownFileType = sourcecode.c.objc; path = CAAppDelegate.m; sourceTree = "<group>"; };
		83726AEB1665E00300EF7BE1 /* Default.png */ = {isa = PBXFileReference; lastKnownFileType = image.png; path = Default.png; sourceTree = "<group>"; };
		83726AED1665E00300EF7BE1 /* Default@2x.png */ = {isa = PBXFileReference; lastKnownFileType = image.png; path = "Default@2x.png"; sourceTree = "<group>"; };
		83726AEF1665E00300EF7BE1 /* Default-568h@2x.png */ = {isa = PBXFileReference; lastKnownFileType = image.png; path = "Default-568h@2x.png"; sourceTree = "<group>"; };
		83726AF21665E00300EF7BE1 /* en */ = {isa = PBXFileReference; lastKnownFileType = file.storyboard; name = en; path = en.lproj/MainStoryboard.storyboard; sourceTree = "<group>"; };
		83726AF41665E00300EF7BE1 /* CAMasterViewController.h */ = {isa = PBXFileReference; lastKnownFileType = sourcecode.c.h; path = CAMasterViewController.h; sourceTree = "<group>"; };
		83726AF51665E00300EF7BE1 /* CAMasterViewController.m */ = {isa = PBXFileReference; lastKnownFileType = sourcecode.c.objc; path = CAMasterViewController.m; sourceTree = "<group>"; };
		83726AF71665E00300EF7BE1 /* CADetailViewController.h */ = {isa = PBXFileReference; lastKnownFileType = sourcecode.c.h; path = CADetailViewController.h; sourceTree = "<group>"; };
		83726AF81665E00300EF7BE1 /* CADetailViewController.m */ = {isa = PBXFileReference; lastKnownFileType = sourcecode.c.objc; path = CADetailViewController.m; sourceTree = "<group>"; };
		83726B021665E03D00EF7BE1 /* RestKit.xcodeproj */ = {isa = PBXFileReference; lastKnownFileType = "wrapper.pb-project"; name = RestKit.xcodeproj; path = RestKit/RestKit.xcodeproj; sourceTree = "<group>"; };
		83726B1A1665E0D200EF7BE1 /* CFNetwork.framework */ = {isa = PBXFileReference; lastKnownFileType = wrapper.framework; name = CFNetwork.framework; path = System/Library/Frameworks/CFNetwork.framework; sourceTree = SDKROOT; };
		83726B1C1665E0D600EF7BE1 /* CoreData.framework */ = {isa = PBXFileReference; lastKnownFileType = wrapper.framework; name = CoreData.framework; path = System/Library/Frameworks/CoreData.framework; sourceTree = SDKROOT; };
		83726B1E1665E0DB00EF7BE1 /* MobileCoreServices.framework */ = {isa = PBXFileReference; lastKnownFileType = wrapper.framework; name = MobileCoreServices.framework; path = System/Library/Frameworks/MobileCoreServices.framework; sourceTree = SDKROOT; };
		83726B201665E0E000EF7BE1 /* Security.framework */ = {isa = PBXFileReference; lastKnownFileType = wrapper.framework; name = Security.framework; path = System/Library/Frameworks/Security.framework; sourceTree = SDKROOT; };
		83726B221665E0E500EF7BE1 /* SystemConfiguration.framework */ = {isa = PBXFileReference; lastKnownFileType = wrapper.framework; name = SystemConfiguration.framework; path = System/Library/Frameworks/SystemConfiguration.framework; sourceTree = SDKROOT; };
		83726B241665E0E900EF7BE1 /* QuartzCore.framework */ = {isa = PBXFileReference; lastKnownFileType = wrapper.framework; name = QuartzCore.framework; path = System/Library/Frameworks/QuartzCore.framework; sourceTree = SDKROOT; };
		83726B261665E0F200EF7BE1 /* libxml2.dylib */ = {isa = PBXFileReference; lastKnownFileType = "compiled.mach-o.dylib"; name = libxml2.dylib; path = usr/lib/libxml2.dylib; sourceTree = SDKROOT; };
/* End PBXFileReference section */

/* Begin PBXFrameworksBuildPhase section */
		83726AD21665E00300EF7BE1 /* Frameworks */ = {
			isa = PBXFrameworksBuildPhase;
			buildActionMask = 2147483647;
			files = (
				83726B271665E0F200EF7BE1 /* libxml2.dylib in Frameworks */,
				83726B251665E0E900EF7BE1 /* QuartzCore.framework in Frameworks */,
				83726B231665E0E500EF7BE1 /* SystemConfiguration.framework in Frameworks */,
				83726B211665E0E000EF7BE1 /* Security.framework in Frameworks */,
				83726B1F1665E0DB00EF7BE1 /* MobileCoreServices.framework in Frameworks */,
				83726B1D1665E0D600EF7BE1 /* CoreData.framework in Frameworks */,
				83726B1B1665E0D200EF7BE1 /* CFNetwork.framework in Frameworks */,
				83726B191665E0C800EF7BE1 /* libRestKit.a in Frameworks */,
				83726ADA1665E00300EF7BE1 /* UIKit.framework in Frameworks */,
				83726ADC1665E00300EF7BE1 /* Foundation.framework in Frameworks */,
				83726ADE1665E00300EF7BE1 /* CoreGraphics.framework in Frameworks */,
			);
			runOnlyForDeploymentPostprocessing = 0;
		};
/* End PBXFrameworksBuildPhase section */

/* Begin PBXGroup section */
		83726ACA1665E00300EF7BE1 = {
			isa = PBXGroup;
			children = (
				83726B261665E0F200EF7BE1 /* libxml2.dylib */,
				83726B241665E0E900EF7BE1 /* QuartzCore.framework */,
				83726B221665E0E500EF7BE1 /* SystemConfiguration.framework */,
				83726B201665E0E000EF7BE1 /* Security.framework */,
				83726B1E1665E0DB00EF7BE1 /* MobileCoreServices.framework */,
				83726B1C1665E0D600EF7BE1 /* CoreData.framework */,
				83726B1A1665E0D200EF7BE1 /* CFNetwork.framework */,
				83726B021665E03D00EF7BE1 /* RestKit.xcodeproj */,
				83726ADF1665E00300EF7BE1 /* Pollster */,
				83726AD81665E00300EF7BE1 /* Frameworks */,
				83726AD61665E00300EF7BE1 /* Products */,
			);
			sourceTree = "<group>";
		};
		83726AD61665E00300EF7BE1 /* Products */ = {
			isa = PBXGroup;
			children = (
				83726AD51665E00300EF7BE1 /* Pollster.app */,
			);
			name = Products;
			sourceTree = "<group>";
		};
		83726AD81665E00300EF7BE1 /* Frameworks */ = {
			isa = PBXGroup;
			children = (
				83726AD91665E00300EF7BE1 /* UIKit.framework */,
				83726ADB1665E00300EF7BE1 /* Foundation.framework */,
				83726ADD1665E00300EF7BE1 /* CoreGraphics.framework */,
			);
			name = Frameworks;
			sourceTree = "<group>";
		};
		83726ADF1665E00300EF7BE1 /* Pollster */ = {
			isa = PBXGroup;
			children = (
				83726AE81665E00300EF7BE1 /* CAAppDelegate.h */,
				83726AE91665E00300EF7BE1 /* CAAppDelegate.m */,
				83726AF11665E00300EF7BE1 /* MainStoryboard.storyboard */,
				83726AF41665E00300EF7BE1 /* CAMasterViewController.h */,
				83726AF51665E00300EF7BE1 /* CAMasterViewController.m */,
				83726AF71665E00300EF7BE1 /* CADetailViewController.h */,
				83726AF81665E00300EF7BE1 /* CADetailViewController.m */,
				83726AE01665E00300EF7BE1 /* Supporting Files */,
			);
			path = Pollster;
			sourceTree = "<group>";
		};
		83726AE01665E00300EF7BE1 /* Supporting Files */ = {
			isa = PBXGroup;
			children = (
				83726AE11665E00300EF7BE1 /* Pollster-Info.plist */,
				83726AE21665E00300EF7BE1 /* InfoPlist.strings */,
				83726AE51665E00300EF7BE1 /* main.m */,
				83726AE71665E00300EF7BE1 /* Pollster-Prefix.pch */,
				83726AEB1665E00300EF7BE1 /* Default.png */,
				83726AED1665E00300EF7BE1 /* Default@2x.png */,
				83726AEF1665E00300EF7BE1 /* Default-568h@2x.png */,
			);
			name = "Supporting Files";
			sourceTree = "<group>";
		};
		83726B031665E03D00EF7BE1 /* Products */ = {
			isa = PBXGroup;
			children = (
				83726B0E1665E03E00EF7BE1 /* libRestKit.a */,
				83726B101665E03E00EF7BE1 /* RestKitTests.octest */,
				83726B121665E03E00EF7BE1 /* RestKit.framework */,
				83726B141665E03E00EF7BE1 /* RestKitFrameworkTests.octest */,
				83726B161665E03E00EF7BE1 /* RestKitResources.bundle */,
			);
			name = Products;
			sourceTree = "<group>";
		};
/* End PBXGroup section */

/* Begin PBXNativeTarget section */
		83726AD41665E00300EF7BE1 /* Pollster */ = {
			isa = PBXNativeTarget;
			buildConfigurationList = 83726AFC1665E00300EF7BE1 /* Build configuration list for PBXNativeTarget "Pollster" */;
			buildPhases = (
				83726AD11665E00300EF7BE1 /* Sources */,
				83726AD21665E00300EF7BE1 /* Frameworks */,
				83726AD31665E00300EF7BE1 /* Resources */,
			);
			buildRules = (
			);
			dependencies = (
				83726B181665E09E00EF7BE1 /* PBXTargetDependency */,
			);
			name = Pollster;
			productName = Pollster;
			productReference = 83726AD51665E00300EF7BE1 /* Pollster.app */;
			productType = "com.apple.product-type.application";
		};
/* End PBXNativeTarget section */

/* Begin PBXProject section */
		83726ACC1665E00300EF7BE1 /* Project object */ = {
			isa = PBXProject;
			attributes = {
				CLASSPREFIX = CA;
				LastUpgradeCheck = 0450;
				ORGANIZATIONNAME = Polutropos;
			};
			buildConfigurationList = 83726ACF1665E00300EF7BE1 /* Build configuration list for PBXProject "Pollster" */;
			compatibilityVersion = "Xcode 3.2";
			developmentRegion = English;
			hasScannedForEncodings = 0;
			knownRegions = (
				en,
			);
			mainGroup = 83726ACA1665E00300EF7BE1;
			productRefGroup = 83726AD61665E00300EF7BE1 /* Products */;
			projectDirPath = "";
			projectReferences = (
				{
					ProductGroup = 83726B031665E03D00EF7BE1 /* Products */;
					ProjectRef = 83726B021665E03D00EF7BE1 /* RestKit.xcodeproj */;
				},
			);
			projectRoot = "";
			targets = (
				83726AD41665E00300EF7BE1 /* Pollster */,
			);
		};
/* End PBXProject section */

/* Begin PBXReferenceProxy section */
		83726B0E1665E03E00EF7BE1 /* libRestKit.a */ = {
			isa = PBXReferenceProxy;
			fileType = archive.ar;
			path = libRestKit.a;
			remoteRef = 83726B0D1665E03E00EF7BE1 /* PBXContainerItemProxy */;
			sourceTree = BUILT_PRODUCTS_DIR;
		};
		83726B101665E03E00EF7BE1 /* RestKitTests.octest */ = {
			isa = PBXReferenceProxy;
			fileType = wrapper.cfbundle;
			path = RestKitTests.octest;
			remoteRef = 83726B0F1665E03E00EF7BE1 /* PBXContainerItemProxy */;
			sourceTree = BUILT_PRODUCTS_DIR;
		};
		83726B121665E03E00EF7BE1 /* RestKit.framework */ = {
			isa = PBXReferenceProxy;
			fileType = wrapper.framework;
			path = RestKit.framework;
			remoteRef = 83726B111665E03E00EF7BE1 /* PBXContainerItemProxy */;
			sourceTree = BUILT_PRODUCTS_DIR;
		};
		83726B141665E03E00EF7BE1 /* RestKitFrameworkTests.octest */ = {
			isa = PBXReferenceProxy;
			fileType = wrapper.cfbundle;
			path = RestKitFrameworkTests.octest;
			remoteRef = 83726B131665E03E00EF7BE1 /* PBXContainerItemProxy */;
			sourceTree = BUILT_PRODUCTS_DIR;
		};
		83726B161665E03E00EF7BE1 /* RestKitResources.bundle */ = {
			isa = PBXReferenceProxy;
			fileType = wrapper.cfbundle;
			path = RestKitResources.bundle;
			remoteRef = 83726B151665E03E00EF7BE1 /* PBXContainerItemProxy */;
			sourceTree = BUILT_PRODUCTS_DIR;
		};
/* End PBXReferenceProxy section */

/* Begin PBXResourcesBuildPhase section */
		83726AD31665E00300EF7BE1 /* Resources */ = {
			isa = PBXResourcesBuildPhase;
			buildActionMask = 2147483647;
			files = (
				83726AE41665E00300EF7BE1 /* InfoPlist.strings in Resources */,
				83726AEC1665E00300EF7BE1 /* Default.png in Resources */,
				83726AEE1665E00300EF7BE1 /* Default@2x.png in Resources */,
				83726AF01665E00300EF7BE1 /* Default-568h@2x.png in Resources */,
				83726AF31665E00300EF7BE1 /* MainStoryboard.storyboard in Resources */,
			);
			runOnlyForDeploymentPostprocessing = 0;
		};
/* End PBXResourcesBuildPhase section */

/* Begin PBXSourcesBuildPhase section */
		83726AD11665E00300EF7BE1 /* Sources */ = {
			isa = PBXSourcesBuildPhase;
			buildActionMask = 2147483647;
			files = (
				83726AE61665E00300EF7BE1 /* main.m in Sources */,
				83726AEA1665E00300EF7BE1 /* CAAppDelegate.m in Sources */,
				83726AF61665E00300EF7BE1 /* CAMasterViewController.m in Sources */,
				83726AF91665E00300EF7BE1 /* CADetailViewController.m in Sources */,
			);
			runOnlyForDeploymentPostprocessing = 0;
		};
/* End PBXSourcesBuildPhase section */

/* Begin PBXTargetDependency section */
		83726B181665E09E00EF7BE1 /* PBXTargetDependency */ = {
			isa = PBXTargetDependency;
			name = RestKit;
			targetProxy = 83726B171665E09E00EF7BE1 /* PBXContainerItemProxy */;
		};
/* End PBXTargetDependency section */

/* Begin PBXVariantGroup section */
		83726AE21665E00300EF7BE1 /* InfoPlist.strings */ = {
			isa = PBXVariantGroup;
			children = (
				83726AE31665E00300EF7BE1 /* en */,
			);
			name = InfoPlist.strings;
			sourceTree = "<group>";
		};
		83726AF11665E00300EF7BE1 /* MainStoryboard.storyboard */ = {
			isa = PBXVariantGroup;
			children = (
				83726AF21665E00300EF7BE1 /* en */,
			);
			name = MainStoryboard.storyboard;
			sourceTree = "<group>";
		};
/* End PBXVariantGroup section */

/* Begin XCBuildConfiguration section */
		83726AFA1665E00300EF7BE1 /* Debug */ = {
			isa = XCBuildConfiguration;
			buildSettings = {
				ALWAYS_SEARCH_USER_PATHS = NO;
				CLANG_CXX_LANGUAGE_STANDARD = "gnu++0x";
				CLANG_CXX_LIBRARY = "libc++";
				CLANG_ENABLE_OBJC_ARC = YES;
				CLANG_WARN_EMPTY_BODY = YES;
				CLANG_WARN__DUPLICATE_METHOD_MATCH = YES;
				"CODE_SIGN_IDENTITY[sdk=iphoneos*]" = "iPhone Developer";
				COPY_PHASE_STRIP = NO;
				GCC_C_LANGUAGE_STANDARD = gnu99;
				GCC_DYNAMIC_NO_PIC = NO;
				GCC_OPTIMIZATION_LEVEL = 0;
				GCC_PREPROCESSOR_DEFINITIONS = (
					"DEBUG=1",
					"$(inherited)",
				);
				GCC_SYMBOLS_PRIVATE_EXTERN = NO;
				GCC_WARN_ABOUT_RETURN_TYPE = YES;
				GCC_WARN_UNINITIALIZED_AUTOS = YES;
				GCC_WARN_UNUSED_VARIABLE = YES;
				IPHONEOS_DEPLOYMENT_TARGET = 6.0;
				ONLY_ACTIVE_ARCH = YES;
				SDKROOT = iphoneos;
			};
			name = Debug;
		};
		83726AFB1665E00300EF7BE1 /* Release */ = {
			isa = XCBuildConfiguration;
			buildSettings = {
				ALWAYS_SEARCH_USER_PATHS = NO;
				CLANG_CXX_LANGUAGE_STANDARD = "gnu++0x";
				CLANG_CXX_LIBRARY = "libc++";
				CLANG_ENABLE_OBJC_ARC = YES;
				CLANG_WARN_EMPTY_BODY = YES;
				CLANG_WARN__DUPLICATE_METHOD_MATCH = YES;
				"CODE_SIGN_IDENTITY[sdk=iphoneos*]" = "iPhone Developer";
				COPY_PHASE_STRIP = YES;
				GCC_C_LANGUAGE_STANDARD = gnu99;
				GCC_WARN_ABOUT_RETURN_TYPE = YES;
				GCC_WARN_UNINITIALIZED_AUTOS = YES;
				GCC_WARN_UNUSED_VARIABLE = YES;
				IPHONEOS_DEPLOYMENT_TARGET = 6.0;
				OTHER_CFLAGS = "-DNS_BLOCK_ASSERTIONS=1";
				SDKROOT = iphoneos;
				VALIDATE_PRODUCT = YES;
			};
			name = Release;
		};
		83726AFD1665E00300EF7BE1 /* Debug */ = {
			isa = XCBuildConfiguration;
			buildSettings = {
				GCC_PRECOMPILE_PREFIX_HEADER = YES;
				GCC_PREFIX_HEADER = "Pollster/Pollster-Prefix.pch";
				HEADER_SEARCH_PATHS = "\"$(BUILT_PRODUCTS_DIR)/../../Headers\"";
				INFOPLIST_FILE = "Pollster/Pollster-Info.plist";
				OTHER_LDFLAGS = (
					"-ObjC",
					"-all_load",
				);
				PRODUCT_NAME = "$(TARGET_NAME)";
				WRAPPER_EXTENSION = app;
			};
			name = Debug;
		};
		83726AFE1665E00300EF7BE1 /* Release */ = {
			isa = XCBuildConfiguration;
			buildSettings = {
				GCC_PRECOMPILE_PREFIX_HEADER = YES;
				GCC_PREFIX_HEADER = "Pollster/Pollster-Prefix.pch";
				HEADER_SEARCH_PATHS = "\"$(BUILT_PRODUCTS_DIR)/../../Headers\"";
				INFOPLIST_FILE = "Pollster/Pollster-Info.plist";
				OTHER_LDFLAGS = (
					"-ObjC",
					"-all_load",
				);
				PRODUCT_NAME = "$(TARGET_NAME)";
				WRAPPER_EXTENSION = app;
			};
			name = Release;
		};
/* End XCBuildConfiguration section */

/* Begin XCConfigurationList section */
		83726ACF1665E00300EF7BE1 /* Build configuration list for PBXProject "Pollster" */ = {
			isa = XCConfigurationList;
			buildConfigurations = (
				83726AFA1665E00300EF7BE1 /* Debug */,
				83726AFB1665E00300EF7BE1 /* Release */,
			);
			defaultConfigurationIsVisible = 0;
			defaultConfigurationName = Release;
		};
		83726AFC1665E00300EF7BE1 /* Build configuration list for PBXNativeTarget "Pollster" */ = {
			isa = XCConfigurationList;
			buildConfigurations = (
				83726AFD1665E00300EF7BE1 /* Debug */,
				83726AFE1665E00300EF7BE1 /* Release */,
			);
			defaultConfigurationIsVisible = 0;
		};
/* End XCConfigurationList section */
	};
	rootObject = 83726ACC1665E00300EF7BE1 /* Project object */;
}
